
Microsoft Visual Studio Solution File, Format Version 12.00
# Visual Studio Version 17
VisualStudioVersion = 17.12.35506.116
MinimumVisualStudioVersion = 10.0.40219.1
Project("{9A19103F-16F7-4668-BE54-9A1E7A4F7556}") = "FoodLoverGuide", "FoodLoverGuide.csproj", "{72116CDE-3470-44A7-ADE6-2380DEC9CDD8}"
EndProject
Project("{9A19103F-16F7-4668-BE54-9A1E7A4F7556}") = "FoodLoverGuide.Core", "..\FoodLoverGuide.Core\FoodLoverGuide.Core.csproj", "{93928C87-784D-4E3F-AB2C-F8A100BB8043}"
EndProject
Project("{9A19103F-16F7-4668-BE54-9A1E7A4F7556}") = "FoodLoverGuide.Models", "..\FoodLoverGuide.Models\FoodLoverGuide.Models.csproj", "{4FE9F594-B600-4464-9825-D43507622A0C}"
EndProject
Project("{9A19103F-16F7-4668-BE54-9A1E7A4F7556}") = "FoodLoverGuide.DataAccess", "..\FoodLoverGuide.DataAccess\FoodLoverGuide.DataAccess.csproj", "{F38F90E1-6512-42A8-9756-C73805BFDFAA}"
EndProject
Project("{9A19103F-16F7-4668-BE54-9A1E7A4F7556}") = "FoodLoverGuide.Utility", "..\FoodLoverGuide.Utility\FoodLoverGuide.Utility.csproj", "{44D155C4-DC8C-4689-AE12-FC3B98C1560E}"
EndProject
Project("{FAE04EC0-301F-11D3-BF4B-00C04F79EFBC}") = "FoodLoverGuide.Tests", "..\FoodLoverGuide.Tests\FoodLoverGuide.Tests.csproj", "{55950130-13ED-4CE1-81DF-EFF6CB8E2687}"
EndProject
Global
	GlobalSection(SolutionConfigurationPlatforms) = preSolution
		Debug|Any CPU = Debug|Any CPU
		Release|Any CPU = Release|Any CPU
	EndGlobalSection
	GlobalSection(ProjectConfigurationPlatforms) = postSolution
		{72116CDE-3470-44A7-ADE6-2380DEC9CDD8}.Debug|Any CPU.ActiveCfg = Debug|Any CPU
		{72116CDE-3470-44A7-ADE6-2380DEC9CDD8}.Debug|Any CPU.Build.0 = Debug|Any CPU
		{72116CDE-3470-44A7-ADE6-2380DEC9CDD8}.Release|Any CPU.ActiveCfg = Release|Any CPU
		{72116CDE-3470-44A7-ADE6-2380DEC9CDD8}.Release|Any CPU.Build.0 = Release|Any CPU
		{93928C87-784D-4E3F-AB2C-F8A100BB8043}.Debug|Any CPU.ActiveCfg = Debug|Any CPU
		{93928C87-784D-4E3F-AB2C-F8A100BB8043}.Debug|Any CPU.Build.0 = Debug|Any CPU
		{93928C87-784D-4E3F-AB2C-F8A100BB8043}.Release|Any CPU.ActiveCfg = Release|Any CPU
		{93928C87-784D-4E3F-AB2C-F8A100BB8043}.Release|Any CPU.Build.0 = Release|Any CPU
		{4FE9F594-B600-4464-9825-D43507622A0C}.Debug|Any CPU.ActiveCfg = Debug|Any CPU
		{4FE9F594-B600-4464-9825-D43507622A0C}.Debug|Any CPU.Build.0 = Debug|Any CPU
		{4FE9F594-B600-4464-9825-D43507622A0C}.Release|Any CPU.ActiveCfg = Release|Any CPU
		{4FE9F594-B600-4464-9825-D43507622A0C}.Release|Any CPU.Build.0 = Release|Any CPU
		{F38F90E1-6512-42A8-9756-C73805BFDFAA}.Debug|Any CPU.ActiveCfg = Debug|Any CPU
		{F38F90E1-6512-42A8-9756-C73805BFDFAA}.Debug|Any CPU.Build.0 = Debug|Any CPU
		{F38F90E1-6512-42A8-9756-C73805BFDFAA}.Release|Any CPU.ActiveCfg = Release|Any CPU
		{F38F90E1-6512-42A8-9756-C73805BFDFAA}.Release|Any CPU.Build.0 = Release|Any CPU
		{44D155C4-DC8C-4689-AE12-FC3B98C1560E}.Debug|Any CPU.ActiveCfg = Debug|Any CPU
		{44D155C4-DC8C-4689-AE12-FC3B98C1560E}.Debug|Any CPU.Build.0 = Debug|Any CPU
		{44D155C4-DC8C-4689-AE12-FC3B98C1560E}.Release|Any CPU.ActiveCfg = Release|Any CPU
		{44D155C4-DC8C-4689-AE12-FC3B98C1560E}.Release|Any CPU.Build.0 = Release|Any CPU
		{55950130-13ED-4CE1-81DF-EFF6CB8E2687}.Debug|Any CPU.ActiveCfg = Debug|Any CPU
		{55950130-13ED-4CE1-81DF-EFF6CB8E2687}.Debug|Any CPU.Build.0 = Debug|Any CPU
		{55950130-13ED-4CE1-81DF-EFF6CB8E2687}.Release|Any CPU.ActiveCfg = Release|Any CPU
		{55950130-13ED-4CE1-81DF-EFF6CB8E2687}.Release|Any CPU.Build.0 = Release|Any CPU
	EndGlobalSection
	GlobalSection(SolutionProperties) = preSolution
		HideSolutionNode = FALSE
	EndGlobalSection
	GlobalSection(ExtensibilityGlobals) = postSolution
		SolutionGuid = {645D1E41-FF34-4FFD-A5C7-625F4B067877}
	EndGlobalSection
EndGlobal
